// !$*UTF8*$!
{
	archiveVersion = 1;
	classes = {
	};
	objectVersion = 77;
	objects = {

/* Begin PBXContainerItemProxy section */
		4838990A2E9252EA007A01D1 /* PBXContainerItemProxy */ = {
			isa = PBXContainerItemProxy;
			containerPortal = 483898F02E9252E9007A01D1 /* Project object */;
			proxyType = 1;
			remoteGlobalIDString = 483898F72E9252E9007A01D1;
			remoteInfo = berd;
		};
		483899142E9252EA007A01D1 /* PBXContainerItemProxy */ = {
			isa = PBXContainerItemProxy;
			containerPortal = 483898F02E9252E9007A01D1 /* Project object */;
			proxyType = 1;
			remoteGlobalIDString = 483898F72E9252E9007A01D1;
			remoteInfo = berd;
		};
/* End PBXContainerItemProxy section */

/* Begin PBXFileReference section */
		480CD0842EADDA8C0036C332 /* Contents.json */ = {isa = PBXFileReference; lastKnownFileType = text.json; path = Contents.json; sourceTree = "<group>"; };
		480CD08A2EADDCB40036C332 /* libberdcore.a */ = {isa = PBXFileReference; lastKnownFileType = archive.ar; name = libberdcore.a; path = berdcore/build/libberdcore.a; sourceTree = "<group>"; };
		483898F82E9252E9007A01D1 /* berd.app */ = {isa = PBXFileReference; explicitFileType = wrapper.application; includeInIndex = 0; path = berd.app; sourceTree = BUILT_PRODUCTS_DIR; };
		483899092E9252EA007A01D1 /* berdTests.xctest */ = {isa = PBXFileReference; explicitFileType = wrapper.cfbundle; includeInIndex = 0; path = berdTests.xctest; sourceTree = BUILT_PRODUCTS_DIR; };
		483899132E9252EA007A01D1 /* berdUITests.xctest */ = {isa = PBXFileReference; explicitFileType = wrapper.cfbundle; includeInIndex = 0; path = berdUITests.xctest; sourceTree = BUILT_PRODUCTS_DIR; };
/* End PBXFileReference section */

/* Begin PBXFileSystemSynchronizedBuildFileExceptionSet section */
		4838991B2E9252EA007A01D1 /* Exceptions for "berd" folder in "berd" target */ = {
			isa = PBXFileSystemSynchronizedBuildFileExceptionSet;
			membershipExceptions = (
				Info.plist,
			);
			target = 483898F72E9252E9007A01D1 /* berd */;
		};
/* End PBXFileSystemSynchronizedBuildFileExceptionSet section */

/* Begin PBXFileSystemSynchronizedRootGroup section */
		483898FA2E9252E9007A01D1 /* berd */ = {
			isa = PBXFileSystemSynchronizedRootGroup;
			exceptions = (
				4838991B2E9252EA007A01D1 /* Exceptions for "berd" folder in "berd" target */,
			);
			path = berd;
			sourceTree = "<group>";
		};
		4838990C2E9252EA007A01D1 /* berdTests */ = {
			isa = PBXFileSystemSynchronizedRootGroup;
			path = berdTests;
			sourceTree = "<group>";
		};
		483899162E9252EA007A01D1 /* berdUITests */ = {
			isa = PBXFileSystemSynchronizedRootGroup;
			path = berdUITests;
			sourceTree = "<group>";
		};
/* End PBXFileSystemSynchronizedRootGroup section */

/* Begin PBXFrameworksBuildPhase section */
		483898F52E9252E9007A01D1 /* Frameworks */ = {
			isa = PBXFrameworksBuildPhase;
			buildActionMask = 2147483647;
			files = (
			);
			runOnlyForDeploymentPostprocessing = 0;
		};
		483899062E9252EA007A01D1 /* Frameworks */ = {
			isa = PBXFrameworksBuildPhase;
			buildActionMask = 2147483647;
			files = (
			);
			runOnlyForDeploymentPostprocessing = 0;
		};
		483899102E9252EA007A01D1 /* Frameworks */ = {
			isa = PBXFrameworksBuildPhase;
			buildActionMask = 2147483647;
			files = (
			);
			runOnlyForDeploymentPostprocessing = 0;
		};
/* End PBXFrameworksBuildPhase section */

/* Begin PBXGroup section */
		480CD0852EADDA8C0036C332 /* Berd-PCC.shortcut */ = {
			isa = PBXGroup;
			children = (
				480CD0842EADDA8C0036C332 /* Contents.json */,
			);
			path = "Berd-PCC.shortcut";
			sourceTree = "<group>";
		};
		480CD0892EADDCB40036C332 /* Frameworks */ = {
			isa = PBXGroup;
			children = (
				480CD08A2EADDCB40036C332 /* libberdcore.a */,
			);
			name = Frameworks;
			sourceTree = "<group>";
		};
		483898EF2E9252E9007A01D1 = {
			isa = PBXGroup;
			children = (
				480CD0852EADDA8C0036C332 /* Berd-PCC.shortcut */,
				483898FA2E9252E9007A01D1 /* berd */,
				4838990C2E9252EA007A01D1 /* berdTests */,
				483899162E9252EA007A01D1 /* berdUITests */,
				480CD0892EADDCB40036C332 /* Frameworks */,
				483898F92E9252E9007A01D1 /* Products */,
			);
			sourceTree = "<group>";
		};
		483898F92E9252E9007A01D1 /* Products */ = {
			isa = PBXGroup;
			children = (
				483898F82E9252E9007A01D1 /* berd.app */,
				483899092E9252EA007A01D1 /* berdTests.xctest */,
				483899132E9252EA007A01D1 /* berdUITests.xctest */,
			);
			name = Products;
			sourceTree = "<group>";
		};
/* End PBXGroup section */

/* Begin PBXNativeTarget section */
		483898F72E9252E9007A01D1 /* berd */ = {
			isa = PBXNativeTarget;
			buildConfigurationList = 4838991C2E9252EA007A01D1 /* Build configuration list for PBXNativeTarget "berd" */;
			buildPhases = (
				480CD08C2EADDD530036C332 /* ShellScript */,
				483898F42E9252E9007A01D1 /* Sources */,
				483898F52E9252E9007A01D1 /* Frameworks */,
				483898F62E9252E9007A01D1 /* Resources */,
			);
			buildRules = (
			);
			dependencies = (
			);
			fileSystemSynchronizedGroups = (
				483898FA2E9252E9007A01D1 /* berd */,
			);
			name = berd;
			packageProductDependencies = (
			);
			productName = berd;
			productReference = 483898F82E9252E9007A01D1 /* berd.app */;
			productType = "com.apple.product-type.application";
		};
		483899082E9252EA007A01D1 /* berdTests */ = {
			isa = PBXNativeTarget;
			buildConfigurationList = 483899212E9252EA007A01D1 /* Build configuration list for PBXNativeTarget "berdTests" */;
			buildPhases = (
				483899052E9252EA007A01D1 /* Sources */,
				483899062E9252EA007A01D1 /* Frameworks */,
				483899072E9252EA007A01D1 /* Resources */,
			);
			buildRules = (
			);
			dependencies = (
				4838990B2E9252EA007A01D1 /* PBXTargetDependency */,
			);
			fileSystemSynchronizedGroups = (
				4838990C2E9252EA007A01D1 /* berdTests */,
			);
			name = berdTests;
			packageProductDependencies = (
			);
			productName = berdTests;
			productReference = 483899092E9252EA007A01D1 /* berdTests.xctest */;
			productType = "com.apple.product-type.bundle.unit-test";
		};
		483899122E9252EA007A01D1 /* berdUITests */ = {
			isa = PBXNativeTarget;
			buildConfigurationList = 483899242E9252EA007A01D1 /* Build configuration list for PBXNativeTarget "berdUITests" */;
			buildPhases = (
				4838990F2E9252EA007A01D1 /* Sources */,
				483899102E9252EA007A01D1 /* Frameworks */,
				483899112E9252EA007A01D1 /* Resources */,
			);
			buildRules = (
			);
			dependencies = (
				483899152E9252EA007A01D1 /* PBXTargetDependency */,
			);
			fileSystemSynchronizedGroups = (
				483899162E9252EA007A01D1 /* berdUITests */,
			);
			name = berdUITests;
			packageProductDependencies = (
			);
			productName = berdUITests;
			productReference = 483899132E9252EA007A01D1 /* berdUITests.xctest */;
			productType = "com.apple.product-type.bundle.ui-testing";
		};
/* End PBXNativeTarget section */

/* Begin PBXProject section */
		483898F02E9252E9007A01D1 /* Project object */ = {
			isa = PBXProject;
			attributes = {
				BuildIndependentTargetsInParallel = 1;
				LastSwiftUpdateCheck = 2600;
				LastUpgradeCheck = 2600;
				TargetAttributes = {
					483898F72E9252E9007A01D1 = {
						CreatedOnToolsVersion = 26.0.1;
					};
					483899082E9252EA007A01D1 = {
						CreatedOnToolsVersion = 26.0.1;
						TestTargetID = 483898F72E9252E9007A01D1;
					};
					483899122E9252EA007A01D1 = {
						CreatedOnToolsVersion = 26.0.1;
						TestTargetID = 483898F72E9252E9007A01D1;
					};
				};
			};
			buildConfigurationList = 483898F32E9252E9007A01D1 /* Build configuration list for PBXProject "berd" */;
			developmentRegion = en;
			hasScannedForEncodings = 0;
			knownRegions = (
				en,
				Base,
			);
			mainGroup = 483898EF2E9252E9007A01D1;
			minimizedProjectReferenceProxies = 1;
			preferredProjectObjectVersion = 77;
			productRefGroup = 483898F92E9252E9007A01D1 /* Products */;
			projectDirPath = "";
			projectRoot = "";
			targets = (
				483898F72E9252E9007A01D1 /* berd */,
				483899082E9252EA007A01D1 /* berdTests */,
				483899122E9252EA007A01D1 /* berdUITests */,
			);
		};
/* End PBXProject section */

/* Begin PBXResourcesBuildPhase section */
		483898F62E9252E9007A01D1 /* Resources */ = {
			isa = PBXResourcesBuildPhase;
			buildActionMask = 2147483647;
			files = (
			);
			runOnlyForDeploymentPostprocessing = 0;
		};
		483899072E9252EA007A01D1 /* Resources */ = {
			isa = PBXResourcesBuildPhase;
			buildActionMask = 2147483647;
			files = (
			);
			runOnlyForDeploymentPostprocessing = 0;
		};
		483899112E9252EA007A01D1 /* Resources */ = {
			isa = PBXResourcesBuildPhase;
			buildActionMask = 2147483647;
			files = (
			);
			runOnlyForDeploymentPostprocessing = 0;
		};
/* End PBXResourcesBuildPhase section */

/* Begin PBXShellScriptBuildPhase section */
		480CD08C2EADDD530036C332 /* ShellScript */ = {
			isa = PBXShellScriptBuildPhase;
			buildActionMask = 2147483647;
			files = (
			);
			inputFileListPaths = (
			);
			inputPaths = (
				"$(PROJECT_DIR)/berdcore",
				"$(PROJECT_DIR)/cactus",
				"$(PROJECT_DIR)/berdcore/build",
			);
			outputFileListPaths = (
			);
			outputPaths = (
				"$(PROJECT_DIR)/ThirdParty/libberdcore.a",
			);
			runOnlyForDeploymentPostprocessing = 0;
			shellPath = /bin/sh;
			shellScript = "#!/bin/bash\nset -euo pipefail\nPROJECT_DIR=\"${PROJECT_DIR:-/Users/undivisible/Documents/GitHub/berd}\"\nBERDCORE_DIR=\"${PROJECT_DIR}/berdcore\"\nBUILD_DIR=\"${BERDCORE_DIR}/build\"\n\n# Don't attempt heavy native builds for simulator to avoid cross-arch/toolchain issues\nif [ \"${PLATFORM_NAME:-}\" = \"iphonesimulator\" ]; then\n  echo \"[berdcore] Skipping native berdcore build for simulator (PLATFORM_NAME=\"${PLATFORM_NAME}\")\"\n  exit 0\nfi\n\necho \"[berdcore] Using pre-built static library from ThirdParty directory\"\n\n# Ensure the static library exists\nif [ ! -f \"${PROJECT_DIR}/ThirdParty/libberdcore.a\" ]; then\n  echo \"[berdcore] ERROR: libberdcore.a not found in ${PROJECT_DIR}/ThirdParty/\"\n  echo \"[berdcore] Please build berdcore manually first:\"\n  echo \"[berdcore]   cd ${BERDCORE_DIR} && mkdir build && cd build\"\n  echo \"[berdcore]   cmake .. -DCMAKE_BUILD_TYPE=Release -DCMAKE_OSX_SYSROOT=/Applications/Xcode.app/Contents/Developer/Platforms/iPhoneOS.platform/Developer/SDKs/iPhoneOS26.0.sdk -DCMAKE_OSX_ARCHITECTURES=arm64 -DBUILD_SHARED_LIBS=OFF\"\n  echo \"[berdcore]   make\"\n  echo \"[berdcore]   cp libberdcore.a ${PROJECT_DIR}/ThirdParty/\"\n  exit 1\nfi\n\necho \"[berdcore] Found libberdcore.a in ${PROJECT_DIR}/ThirdParty/\"\n";
		};
/* End PBXShellScriptBuildPhase section */

/* Begin PBXSourcesBuildPhase section */
		483898F42E9252E9007A01D1 /* Sources */ = {
			isa = PBXSourcesBuildPhase;
			buildActionMask = 2147483647;
			files = (
			);
			runOnlyForDeploymentPostprocessing = 0;
		};
		483899052E9252EA007A01D1 /* Sources */ = {
			isa = PBXSourcesBuildPhase;
			buildActionMask = 2147483647;
			files = (
			);
			runOnlyForDeploymentPostprocessing = 0;
		};
		4838990F2E9252EA007A01D1 /* Sources */ = {
			isa = PBXSourcesBuildPhase;
			buildActionMask = 2147483647;
			files = (
			);
			runOnlyForDeploymentPostprocessing = 0;
		};
/* End PBXSourcesBuildPhase section */

/* Begin PBXTargetDependency section */
		4838990B2E9252EA007A01D1 /* PBXTargetDependency */ = {
			isa = PBXTargetDependency;
			target = 483898F72E9252E9007A01D1 /* berd */;
			targetProxy = 4838990A2E9252EA007A01D1 /* PBXContainerItemProxy */;
		};
		483899152E9252EA007A01D1 /* PBXTargetDependency */ = {
			isa = PBXTargetDependency;
			target = 483898F72E9252E9007A01D1 /* berd */;
			targetProxy = 483899142E9252EA007A01D1 /* PBXContainerItemProxy */;
		};
/* End PBXTargetDependency section */

/* Begin XCBuildConfiguration section */
		4838991D2E9252EA007A01D1 /* Debug */ = {
			isa = XCBuildConfiguration;
			buildSettings = {
				ASSETCATALOG_COMPILER_APPICON_NAME = AppIcon;
				ASSETCATALOG_COMPILER_GLOBAL_ACCENT_COLOR_NAME = AccentColor;
				ASSETCATALOG_COMPILER_INCLUDE_ALL_APPICON_ASSETS = NO;
				CODE_SIGN_STYLE = Automatic;
				CURRENT_PROJECT_VERSION = 1;
				DEVELOPMENT_TEAM = LZ3NL5434Q;
				ENABLE_APP_SANDBOX = YES;
				ENABLE_PREVIEWS = YES;
				ENABLE_USER_SELECTED_FILES = readonly;
				GENERATE_INFOPLIST_FILE = YES;
				HEADER_SEARCH_PATHS = (
					"$(PROJECT_DIR)/berdcore/include",
					"$(PROJECT_DIR)/cactus/cactus",
					/opt/homebrew/include,
				);
				INFOPLIST_FILE = berd/Info.plist;
				"INFOPLIST_KEY_UIApplicationSceneManifest_Generation[sdk=iphoneos*]" = YES;
				"INFOPLIST_KEY_UIApplicationSceneManifest_Generation[sdk=iphonesimulator*]" = YES;
				"INFOPLIST_KEY_UIApplicationSupportsIndirectInputEvents[sdk=iphoneos*]" = YES;
				"INFOPLIST_KEY_UIApplicationSupportsIndirectInputEvents[sdk=iphonesimulator*]" = YES;
				"INFOPLIST_KEY_UILaunchScreen_Generation[sdk=iphoneos*]" = YES;
				"INFOPLIST_KEY_UILaunchScreen_Generation[sdk=iphonesimulator*]" = YES;
				"INFOPLIST_KEY_UIStatusBarStyle[sdk=iphoneos*]" = UIStatusBarStyleDefault;
				"INFOPLIST_KEY_UIStatusBarStyle[sdk=iphonesimulator*]" = UIStatusBarStyleDefault;
				INFOPLIST_KEY_UISupportedInterfaceOrientations_iPad = "UIInterfaceOrientationPortrait UIInterfaceOrientationPortraitUpsideDown UIInterfaceOrientationLandscapeLeft UIInterfaceOrientationLandscapeRight";
				INFOPLIST_KEY_UISupportedInterfaceOrientations_iPhone = "UIInterfaceOrientationPortrait UIInterfaceOrientationLandscapeLeft UIInterfaceOrientationLandscapeRight";
				IPHONEOS_DEPLOYMENT_TARGET = 26.0;
				LIBRARY_SEARCH_PATHS = (
					"$(PROJECT_DIR)/berdcore/build",
					/opt/homebrew/lib,
					"$(PROJECT_DIR)/ThirdParty",
				);
				MACOSX_DEPLOYMENT_TARGET = 26.0;
				MARKETING_VERSION = 1.0;
				PRODUCT_BUNDLE_IDENTIFIER = company.atechnology.berd;
				PRODUCT_NAME = "$(TARGET_NAME)";
				REGISTER_APP_GROUPS = YES;
				STRING_CATALOG_GENERATE_SYMBOLS = YES;
				SUPPORTED_PLATFORMS = "iphoneos iphonesimulator macosx xros xrsimulator";
				SWIFT_APPROACHABLE_CONCURRENCY = YES;
				SWIFT_DEFAULT_ACTOR_ISOLATION = MainActor;
				SWIFT_EMIT_LOC_STRINGS = YES;
				SWIFT_OBJC_BRIDGING_HEADER = "berd/berd-Bridging-Header.h";
				SWIFT_UPCOMING_FEATURE_MEMBER_IMPORT_VISIBILITY = YES;
				SWIFT_VERSION = 5.0;
				TARGETED_DEVICE_FAMILY = "1,2,7";
				XROS_DEPLOYMENT_TARGET = 26.0;
			};
			name = Debug;
		};
		4838991E2E9252EA007A01D1 /* Release */ = {
			isa = XCBuildConfiguration;
			buildSettings = {
				ASSETCATALOG_COMPILER_APPICON_NAME = AppIcon;
				ASSETCATALOG_COMPILER_GLOBAL_ACCENT_COLOR_NAME = AccentColor;
				ASSETCATALOG_COMPILER_INCLUDE_ALL_APPICON_ASSETS = NO;
				CODE_SIGN_STYLE = Automatic;
				CURRENT_PROJECT_VERSION = 1;
				DEVELOPMENT_TEAM = LZ3NL5434Q;
				ENABLE_APP_SANDBOX = YES;
				ENABLE_PREVIEWS = YES;
				ENABLE_USER_SELECTED_FILES = readonly;
				GENERATE_INFOPLIST_FILE = YES;
				HEADER_SEARCH_PATHS = (
					"$(PROJECT_DIR)/berdcore/include",
					"$(PROJECT_DIR)/cactus/cactus",
					/opt/homebrew/include,
				);
				INFOPLIST_FILE = berd/Info.plist;
				"INFOPLIST_KEY_UIApplicationSceneManifest_Generation[sdk=iphoneos*]" = YES;
				"INFOPLIST_KEY_UIApplicationSceneManifest_Generation[sdk=iphonesimulator*]" = YES;
				"INFOPLIST_KEY_UIApplicationSupportsIndirectInputEvents[sdk=iphoneos*]" = YES;
				"INFOPLIST_KEY_UIApplicationSupportsIndirectInputEvents[sdk=iphonesimulator*]" = YES;
				"INFOPLIST_KEY_UILaunchScreen_Generation[sdk=iphoneos*]" = YES;
				"INFOPLIST_KEY_UILaunchScreen_Generation[sdk=iphonesimulator*]" = YES;
				"INFOPLIST_KEY_UIStatusBarStyle[sdk=iphoneos*]" = UIStatusBarStyleDefault;
				"INFOPLIST_KEY_UIStatusBarStyle[sdk=iphonesimulator*]" = UIStatusBarStyleDefault;
				INFOPLIST_KEY_UISupportedInterfaceOrientations_iPad = "UIInterfaceOrientationPortrait UIInterfaceOrientationPortraitUpsideDown UIInterfaceOrientationLandscapeLeft UIInterfaceOrientationLandscapeRight";
				INFOPLIST_KEY_UISupportedInterfaceOrientations_iPhone = "UIInterfaceOrientationPortrait UIInterfaceOrientationLandscapeLeft UIInterfaceOrientationLandscapeRight";
				IPHONEOS_DEPLOYMENT_TARGET = 26.0;
				LIBRARY_SEARCH_PATHS = (
					"$(PROJECT_DIR)/berdcore/build",
					/opt/homebrew/lib,
					"$(PROJECT_DIR)/ThirdParty",
				);
				MACOSX_DEPLOYMENT_TARGET = 26.0;
				MARKETING_VERSION = 1.0;
				PRODUCT_BUNDLE_IDENTIFIER = company.atechnology.berd;
				PRODUCT_NAME = "$(TARGET_NAME)";
				REGISTER_APP_GROUPS = YES;
				STRING_CATALOG_GENERATE_SYMBOLS = YES;
				SUPPORTED_PLATFORMS = "iphoneos iphonesimulator macosx xros xrsimulator";
				SWIFT_APPROACHABLE_CONCURRENCY = YES;
				SWIFT_DEFAULT_ACTOR_ISOLATION = MainActor;
				SWIFT_EMIT_LOC_STRINGS = YES;
				SWIFT_OBJC_BRIDGING_HEADER = "berd/berd-Bridging-Header.h";
				SWIFT_UPCOMING_FEATURE_MEMBER_IMPORT_VISIBILITY = YES;
				SWIFT_VERSION = 5.0;
				TARGETED_DEVICE_FAMILY = "1,2,7";
				XROS_DEPLOYMENT_TARGET = 26.0;
			};
			name = Release;
		};
		4838991F2E9252EA007A01D1 /* Debug */ = {
			isa = XCBuildConfiguration;
			buildSettings = {
				ALWAYS_SEARCH_USER_PATHS = NO;
				ASSETCATALOG_COMPILER_GENERATE_SWIFT_ASSET_SYMBOL_EXTENSIONS = YES;
				CLANG_ANALYZER_NONNULL = YES;
				CLANG_ANALYZER_NUMBER_OBJECT_CONVERSION = YES_AGGRESSIVE;
				CLANG_CXX_LANGUAGE_STANDARD = "gnu++20";
				CLANG_ENABLE_MODULES = YES;
				CLANG_ENABLE_OBJC_ARC = YES;
				CLANG_ENABLE_OBJC_WEAK = YES;
				CLANG_WARN_BLOCK_CAPTURE_AUTORELEASING = YES;
				CLANG_WARN_BOOL_CONVERSION = YES;
				CLANG_WARN_COMMA = YES;
				CLANG_WARN_CONSTANT_CONVERSION = YES;
				CLANG_WARN_DEPRECATED_OBJC_IMPLEMENTATIONS = YES;
				CLANG_WARN_DIRECT_OBJC_ISA_USAGE = YES_ERROR;
				CLANG_WARN_DOCUMENTATION_COMMENTS = YES;
				CLANG_WARN_EMPTY_BODY = YES;
				CLANG_WARN_ENUM_CONVERSION = YES;
				CLANG_WARN_INFINITE_RECURSION = YES;
				CLANG_WARN_INT_CONVERSION = YES;
				CLANG_WARN_NON_LITERAL_NULL_CONVERSION = YES;
				CLANG_WARN_OBJC_IMPLICIT_RETAIN_SELF = YES;
				CLANG_WARN_OBJC_LITERAL_CONVERSION = YES;
				CLANG_WARN_OBJC_ROOT_CLASS = YES_ERROR;
				CLANG_WARN_QUOTED_INCLUDE_IN_FRAMEWORK_HEADER = YES;
				CLANG_WARN_RANGE_LOOP_ANALYSIS = YES;
				CLANG_WARN_STRICT_PROTOTYPES = YES;
				CLANG_WARN_SUSPICIOUS_MOVE = YES;
				CLANG_WARN_UNGUARDED_AVAILABILITY = YES_AGGRESSIVE;
				CLANG_WARN_UNREACHABLE_CODE = YES;
				CLANG_WARN__DUPLICATE_METHOD_MATCH = YES;
				COPY_PHASE_STRIP = NO;
				DEBUG_INFORMATION_FORMAT = dwarf;
				ENABLE_STRICT_OBJC_MSGSEND = YES;
				ENABLE_TESTABILITY = YES;
				ENABLE_USER_SCRIPT_SANDBOXING = YES;
				GCC_C_LANGUAGE_STANDARD = gnu17;
				GCC_DYNAMIC_NO_PIC = NO;
				GCC_NO_COMMON_BLOCKS = YES;
				GCC_OPTIMIZATION_LEVEL = 0;
				GCC_PREPROCESSOR_DEFINITIONS = (
					"DEBUG=1",
					"$(inherited)",
				);
				GCC_WARN_64_TO_32_BIT_CONVERSION = YES;
				GCC_WARN_ABOUT_RETURN_TYPE = YES_ERROR;
				GCC_WARN_UNDECLARED_SELECTOR = YES;
				GCC_WARN_UNINITIALIZED_AUTOS = YES_AGGRESSIVE;
				GCC_WARN_UNUSED_FUNCTION = YES;
				GCC_WARN_UNUSED_VARIABLE = YES;
				LOCALIZATION_PREFERS_STRING_CATALOGS = YES;
				MTL_ENABLE_DEBUG_INFO = INCLUDE_SOURCE;
				MTL_FAST_MATH = YES;
				ONLY_ACTIVE_ARCH = YES;
				SWIFT_ACTIVE_COMPILATION_CONDITIONS = "DEBUG $(inherited)";
				SWIFT_OPTIMIZATION_LEVEL = "-Onone";
			};
			name = Debug;
		};
		483899202E9252EA007A01D1 /* Release */ = {
			isa = XCBuildConfiguration;
			buildSettings = {
				ALWAYS_SEARCH_USER_PATHS = NO;
				ASSETCATALOG_COMPILER_GENERATE_SWIFT_ASSET_SYMBOL_EXTENSIONS = YES;
				CLANG_ANALYZER_NONNULL = YES;
				CLANG_ANALYZER_NUMBER_OBJECT_CONVERSION = YES_AGGRESSIVE;
				CLANG_CXX_LANGUAGE_STANDARD = "gnu++20";
				CLANG_ENABLE_MODULES = YES;
				CLANG_ENABLE_OBJC_ARC = YES;
				CLANG_ENABLE_OBJC_WEAK = YES;
				CLANG_WARN_BLOCK_CAPTURE_AUTORELEASING = YES;
				CLANG_WARN_BOOL_CONVERSION = YES;
				CLANG_WARN_COMMA = YES;
				CLANG_WARN_CONSTANT_CONVERSION = YES;
				CLANG_WARN_DEPRECATED_OBJC_IMPLEMENTATIONS = YES;
				CLANG_WARN_DIRECT_OBJC_ISA_USAGE = YES_ERROR;
				CLANG_WARN_DOCUMENTATION_COMMENTS = YES;
				CLANG_WARN_EMPTY_BODY = YES;
				CLANG_WARN_ENUM_CONVERSION = YES;
				CLANG_WARN_INFINITE_RECURSION = YES;
				CLANG_WARN_INT_CONVERSION = YES;
				CLANG_WARN_NON_LITERAL_NULL_CONVERSION = YES;
				CLANG_WARN_OBJC_IMPLICIT_RETAIN_SELF = YES;
				CLANG_WARN_OBJC_LITERAL_CONVERSION = YES;
				CLANG_WARN_OBJC_ROOT_CLASS = YES_ERROR;
				CLANG_WARN_QUOTED_INCLUDE_IN_FRAMEWORK_HEADER = YES;
				CLANG_WARN_RANGE_LOOP_ANALYSIS = YES;
				CLANG_WARN_STRICT_PROTOTYPES = YES;
				CLANG_WARN_SUSPICIOUS_MOVE = YES;
				CLANG_WARN_UNGUARDED_AVAILABILITY = YES_AGGRESSIVE;
				CLANG_WARN_UNREACHABLE_CODE = YES;
				CLANG_WARN__DUPLICATE_METHOD_MATCH = YES;
				COPY_PHASE_STRIP = NO;
				DEBUG_INFORMATION_FORMAT = "dwarf-with-dsym";
				ENABLE_NS_ASSERTIONS = NO;
				ENABLE_STRICT_OBJC_MSGSEND = YES;
				ENABLE_USER_SCRIPT_SANDBOXING = YES;
				GCC_C_LANGUAGE_STANDARD = gnu17;
				GCC_NO_COMMON_BLOCKS = YES;
				GCC_WARN_64_TO_32_BIT_CONVERSION = YES;
				GCC_WARN_ABOUT_RETURN_TYPE = YES_ERROR;
				GCC_WARN_UNDECLARED_SELECTOR = YES;
				GCC_WARN_UNINITIALIZED_AUTOS = YES_AGGRESSIVE;
				GCC_WARN_UNUSED_FUNCTION = YES;
				GCC_WARN_UNUSED_VARIABLE = YES;
				LOCALIZATION_PREFERS_STRING_CATALOGS = YES;
				MTL_ENABLE_DEBUG_INFO = NO;
				MTL_FAST_MATH = YES;
				SWIFT_COMPILATION_MODE = wholemodule;
			};
			name = Release;
		};
		483899222E9252EA007A01D1 /* Debug */ = {
			isa = XCBuildConfiguration;
			buildSettings = {
				BUNDLE_LOADER = "$(TEST_HOST)";
				CODE_SIGN_STYLE = Automatic;
				CURRENT_PROJECT_VERSION = 1;
				GENERATE_INFOPLIST_FILE = YES;
				IPHONEOS_DEPLOYMENT_TARGET = 26.0;
				MACOSX_DEPLOYMENT_TARGET = 26.0;
				MARKETING_VERSION = 1.0;
				PRODUCT_BUNDLE_IDENTIFIER = company.atechnology.berdTests;
				PRODUCT_NAME = "$(TARGET_NAME)";
				SDKROOT = auto;
				STRING_CATALOG_GENERATE_SYMBOLS = NO;
				SUPPORTED_PLATFORMS = "iphoneos iphonesimulator macosx xros xrsimulator";
				SWIFT_APPROACHABLE_CONCURRENCY = YES;
				SWIFT_EMIT_LOC_STRINGS = NO;
				SWIFT_UPCOMING_FEATURE_MEMBER_IMPORT_VISIBILITY = YES;
				SWIFT_VERSION = 5.0;
				TARGETED_DEVICE_FAMILY = "1,2,7";
				TEST_HOST = "$(BUILT_PRODUCTS_DIR)/berd.app/$(BUNDLE_EXECUTABLE_FOLDER_PATH)/berd";
				XROS_DEPLOYMENT_TARGET = 26.0;
			};
			name = Debug;
		};
		483899232E9252EA007A01D1 /* Release */ = {
			isa = XCBuildConfiguration;
			buildSettings = {
				BUNDLE_LOADER = "$(TEST_HOST)";
				CODE_SIGN_STYLE = Automatic;
				CURRENT_PROJECT_VERSION = 1;
				GENERATE_INFOPLIST_FILE = YES;
				IPHONEOS_DEPLOYMENT_TARGET = 26.0;
				MACOSX_DEPLOYMENT_TARGET = 26.0;
				MARKETING_VERSION = 1.0;
				PRODUCT_BUNDLE_IDENTIFIER = company.atechnology.berdTests;
				PRODUCT_NAME = "$(TARGET_NAME)";
				SDKROOT = auto;
				STRING_CATALOG_GENERATE_SYMBOLS = NO;
				SUPPORTED_PLATFORMS = "iphoneos iphonesimulator macosx xros xrsimulator";
				SWIFT_APPROACHABLE_CONCURRENCY = YES;
				SWIFT_EMIT_LOC_STRINGS = NO;
				SWIFT_UPCOMING_FEATURE_MEMBER_IMPORT_VISIBILITY = YES;
				SWIFT_VERSION = 5.0;
				TARGETED_DEVICE_FAMILY = "1,2,7";
				TEST_HOST = "$(BUILT_PRODUCTS_DIR)/berd.app/$(BUNDLE_EXECUTABLE_FOLDER_PATH)/berd";
				XROS_DEPLOYMENT_TARGET = 26.0;
			};
			name = Release;
		};
		483899252E9252EA007A01D1 /* Debug */ = {
			isa = XCBuildConfiguration;
			buildSettings = {
				CODE_SIGN_STYLE = Automatic;
				CURRENT_PROJECT_VERSION = 1;
				GENERATE_INFOPLIST_FILE = YES;
				IPHONEOS_DEPLOYMENT_TARGET = 26.0;
				MACOSX_DEPLOYMENT_TARGET = 26.0;
				MARKETING_VERSION = 1.0;
				PRODUCT_BUNDLE_IDENTIFIER = company.atechnology.berdUITests;
				PRODUCT_NAME = "$(TARGET_NAME)";
				SDKROOT = auto;
				STRING_CATALOG_GENERATE_SYMBOLS = NO;
				SUPPORTED_PLATFORMS = "iphoneos iphonesimulator macosx xros xrsimulator";
				SWIFT_APPROACHABLE_CONCURRENCY = YES;
				SWIFT_EMIT_LOC_STRINGS = NO;
				SWIFT_UPCOMING_FEATURE_MEMBER_IMPORT_VISIBILITY = YES;
				SWIFT_VERSION = 5.0;
				TARGETED_DEVICE_FAMILY = "1,2,7";
				TEST_TARGET_NAME = berd;
				XROS_DEPLOYMENT_TARGET = 26.0;
			};
			name = Debug;
		};
		483899262E9252EA007A01D1 /* Release */ = {
			isa = XCBuildConfiguration;
			buildSettings = {
				CODE_SIGN_STYLE = Automatic;
				CURRENT_PROJECT_VERSION = 1;
				GENERATE_INFOPLIST_FILE = YES;
				IPHONEOS_DEPLOYMENT_TARGET = 26.0;
				MACOSX_DEPLOYMENT_TARGET = 26.0;
				MARKETING_VERSION = 1.0;
				PRODUCT_BUNDLE_IDENTIFIER = company.atechnology.berdUITests;
				PRODUCT_NAME = "$(TARGET_NAME)";
				SDKROOT = auto;
				STRING_CATALOG_GENERATE_SYMBOLS = NO;
				SUPPORTED_PLATFORMS = "iphoneos iphonesimulator macosx xros xrsimulator";
				SWIFT_APPROACHABLE_CONCURRENCY = YES;
				SWIFT_EMIT_LOC_STRINGS = NO;
				SWIFT_UPCOMING_FEATURE_MEMBER_IMPORT_VISIBILITY = YES;
				SWIFT_VERSION = 5.0;
				TARGETED_DEVICE_FAMILY = "1,2,7";
				TEST_TARGET_NAME = berd;
				XROS_DEPLOYMENT_TARGET = 26.0;
			};
			name = Release;
		};
/* End XCBuildConfiguration section */

/* Begin XCConfigurationList section */
		483898F32E9252E9007A01D1 /* Build configuration list for PBXProject "berd" */ = {
			isa = XCConfigurationList;
			buildConfigurations = (
				4838991F2E9252EA007A01D1 /* Debug */,
				483899202E9252EA007A01D1 /* Release */,
			);
			defaultConfigurationIsVisible = 0;
			defaultConfigurationName = Release;
		};
		4838991C2E9252EA007A01D1 /* Build configuration list for PBXNativeTarget "berd" */ = {
			isa = XCConfigurationList;
			buildConfigurations = (
				4838991D2E9252EA007A01D1 /* Debug */,
				4838991E2E9252EA007A01D1 /* Release */,
			);
			defaultConfigurationIsVisible = 0;
			defaultConfigurationName = Release;
		};
		483899212E9252EA007A01D1 /* Build configuration list for PBXNativeTarget "berdTests" */ = {
			isa = XCConfigurationList;
			buildConfigurations = (
				483899222E9252EA007A01D1 /* Debug */,
				483899232E9252EA007A01D1 /* Release */,
			);
			defaultConfigurationIsVisible = 0;
			defaultConfigurationName = Release;
		};
		483899242E9252EA007A01D1 /* Build configuration list for PBXNativeTarget "berdUITests" */ = {
			isa = XCConfigurationList;
			buildConfigurations = (
				483899252E9252EA007A01D1 /* Debug */,
				483899262E9252EA007A01D1 /* Release */,
			);
			defaultConfigurationIsVisible = 0;
			defaultConfigurationName = Release;
		};
/* End XCConfigurationList section */
	};
	rootObject = 483898F02E9252E9007A01D1 /* Project object */;
}
